
Microsoft Visual Studio Solution File, Format Version 12.00
# Visual Studio Version 16
VisualStudioVersion = 25.0.1706.7
MinimumVisualStudioVersion = 10.0.40219.1
Project("{FAE04EC0-301F-11D3-BF4B-00C04F79EFBC}") = "DapperDemo", "DapperDemo\DapperDemo.csproj", "{3DBB98B6-F862-4489-AFEF-33D959CDF921}"
EndProject
Global
	GlobalSection(SolutionConfigurationPlatforms) = preSolution
		Debug|Any CPU = Debug|Any CPU
		Release|Any CPU = Release|Any CPU
	EndGlobalSection
	GlobalSection(ProjectConfigurationPlatforms) = postSolution
		{3DBB98B6-F862-4489-AFEF-33D959CDF921}.Debug|Any CPU.ActiveCfg = Debug|Any CPU
		{3DBB98B6-F862-4489-AFEF-33D959CDF921}.Debug|Any CPU.Build.0 = Debug|Any CPU
		{3DBB98B6-F862-4489-AFEF-33D959CDF921}.Release|Any CPU.ActiveCfg = Release|Any CPU
		{3DBB98B6-F862-4489-AFEF-33D959CDF921}.Release|Any CPU.Build.0 = Release|Any CPU
	EndGlobalSection
	GlobalSection(SolutionProperties) = preSolution
		HideSolutionNode = FALSE
	EndGlobalSection
	GlobalSection(ExtensibilityGlobals) = postSolution
		SolutionGuid = {BD5727AB-7AA2-43C0-9DF0-FC8EE3691BCF}
	EndGlobalSection
EndGlobal
